{
  "name": "@schmidtk/closure-es6-test",
  "version": "1.0.0",
  "lockfileVersion": 1,
  "requires": true,
  "dependencies": {
    "@ngageoint/closure-webpack-plugin": {
      "version": "2.0.0",
      "dev": true,
      "requires": {
        "acorn": "^5.0.0",
        "acorn-dynamic-import": "^2.0.0",
        "schema-utils": "1.x",
        "unquoted-property-validator": "^1.0.2",
        "webpack-sources": "1.x"
      },
      "dependencies": {
        "@webpack-contrib/eslint-config-webpack": {},
        "acorn": {
          "version": "5.7.4",
          "resolved": "https://registry.npmjs.org/acorn/-/acorn-5.7.4.tgz",
          "integrity": "sha512-1D++VG7BhrtvQpNbBzovKNc1FLGGEE/oGe7b9xJm/RFHMBeUaUGpluV9RLjZa47YFdPcDAenEYuq9pQPcMdLJg==",
          "dev": true
        },
        "acorn-dynamic-import": {
          "version": "2.0.2",
          "resolved": "https://registry.npmjs.org/acorn-dynamic-import/-/acorn-dynamic-import-2.0.2.tgz",
          "integrity": "sha1-x1K9IQvvZ5UBtsbLf8hPj0cVjMQ=",
          "dev": true,
          "requires": {
            "acorn": "^4.0.3"
          },
          "dependencies": {
            "acorn": {
              "version": "4.0.13",
              "resolved": "https://registry.npmjs.org/acorn/-/acorn-4.0.13.tgz",
              "integrity": "sha1-EFSVrlNh1pe9GVyCUZLhrX8lN4c=",
              "dev": true
            }
          }
        },
        "ajv": {
          "version": "6.12.6",
          "resolved": "https://registry.npmjs.org/ajv/-/ajv-6.12.6.tgz",
          "integrity": "sha512-j3fVLgvTo527anyYyJOGTYJbG+vnnQYvE0m5mmkc1TK+nxAppkCLMIL0aZ4dblVCNoGShhm+kzE4ZUykBoMg4g==",
          "requires": {
            "fast-deep-equal": "^3.1.1",
            "fast-json-stable-stringify": "^2.0.0",
            "json-schema-traverse": "^0.4.1",
            "uri-js": "^4.2.2"
          }
        },
        "ajv-errors": {
          "version": "1.0.1",
          "resolved": "https://registry.npmjs.org/ajv-errors/-/ajv-errors-1.0.1.tgz",
          "integrity": "sha512-DCRfO/4nQ+89p/RK43i8Ezd41EqdGIU4ld7nGF8OQ14oc/we5rEntLCUa7+jrn3nn83BosfwZA0wb4pon2o8iQ==",
          "dev": true
        },
        "ajv-keywords": {
          "version": "3.5.2",
          "resolved": "https://registry.npmjs.org/ajv-keywords/-/ajv-keywords-3.5.2.tgz",
          "integrity": "sha512-5p6WTN0DdTGVQk6VjcEju19IgaHudalcfabD7yhDGeA6bcQnmL+CpveLJq/3hvfwd1aof6L386Ougkx6RfyMIQ==",
          "dev": true
        },
        "ansi-regex": {
          "version": "4.1.0"
        },
        "eslint": {
          "requires": {
            "ajv": "^6.10.0",
            "debug": "^4.0.1",
            "doctrine": "^3.0.0",
            "eslint-scope": "^5.0.0",
            "strip-ansi": "^5.2.0"
          },
          "dependencies": {
            "debug": {
              "version": "4.3.2",
              "requires": {
                "ms": "2.1.2"
              }
            },
            "doctrine": {
              "version": "3.0.0"
            }
          }
        },
        "eslint-plugin-import": {
          "requires": {
            "find-up": "^2.0.0"
          }
        },
        "eslint-plugin-prettier": {},
        "eslint-scope": {
          "version": "5.1.1"
        },
        "fast-deep-equal": {
          "version": "3.1.3",
          "resolved": "https://registry.npmjs.org/fast-deep-equal/-/fast-deep-equal-3.1.3.tgz",
          "integrity": "sha512-f3qQ9oQy9j2AhBe/H9VC91wLmKBCCU/gDOnKNAYG5hswO7BLKj09Hc5HYNz9cGI++xlpDCIgDaitVs03ATR84Q=="
        },
        "fast-json-stable-stringify": {
          "version": "2.1.0",
          "resolved": "https://registry.npmjs.org/fast-json-stable-stringify/-/fast-json-stable-stringify-2.1.0.tgz",
          "integrity": "sha512-lhd/wF+Lk98HZoTCtlVraHtfh5XYijIjalXck7saUtuanSDyLMxnHhSXEDJqHxD7msR8D0uCmqlkwjCV8xvwHw=="
        },
        "find-up": {
          "version": "2.1.0",
          "requires": {
            "locate-path": "^2.0.0"
          }
        },
        "google-closure-compiler": {
          "requires": {
            "google-closure-compiler-java": "^20210808.0.0",
            "google-closure-compiler-osx": "^20210808.0.0"
          }
        },
        "google-closure-compiler-java": {
          "version": "20210808.0.0"
        },
        "google-closure-compiler-osx": {
          "version": "20210808.0.0",
          "optional": true
        },
        "husky": {
          "requires": {
            "pkg-dir": "^4.2.0",
            "read-pkg": "^5.2.0",
            "slash": "^3.0.0"
          }
        },
        "json-schema-traverse": {
          "version": "0.4.1",
          "resolved": "https://registry.npmjs.org/json-schema-traverse/-/json-schema-traverse-0.4.1.tgz",
          "integrity": "sha512-xbbCH5dCYU5T8LcEhhuh7HJ88HXuW3qsI3Y0zOZFKfZEHcpWiHU/Jxzk629Brsab/mMiHQti9wMP+845RPe3Vg=="
        },
        "locate-path": {
          "version": "2.0.0",
          "requires": {
            "p-locate": "^2.0.0"
          }
        },
        "ms": {
          "version": "2.1.2"
        },
        "p-limit": {
          "version": "1.3.0",
          "requires": {
            "p-try": "^1.0.0"
          }
        },
        "p-locate": {
          "version": "2.0.0",
          "requires": {
            "p-limit": "^1.1.0"
          }
        },
        "p-try": {
          "version": "1.0.0"
        },
        "parse-json": {
          "version": "5.2.0"
        },
        "pkg-dir": {
          "version": "4.2.0",
          "requires": {
            "find-up": "^4.0.0"
          },
          "dependencies": {
            "find-up": {
              "version": "4.1.0",
              "requires": {
                "locate-path": "^5.0.0",
                "path-exists": "^4.0.0"
              }
            },
            "locate-path": {
              "version": "5.0.0",
              "requires": {
                "p-locate": "^4.1.0"
              }
            },
            "p-limit": {
              "version": "2.3.0",
              "requires": {
                "p-try": "^2.0.0"
              }
            },
            "p-locate": {
              "version": "4.1.0",
              "requires": {
                "p-limit": "^2.2.0"
              }
            },
            "p-try": {
              "version": "2.2.0"
            },
            "path-exists": {
              "version": "4.0.0"
            }
          }
        },
        "punycode": {
          "version": "2.1.1",
          "resolved": "https://registry.npmjs.org/punycode/-/punycode-2.1.1.tgz",
          "integrity": "sha512-XRsRjdf+j5ml+y/6GKHPZbrF/8p2Yga0JPtdqTIY2Xe5ohJPD9saDJJLPvp9+NSBprVvevdXZybnj2cv8OEd0A=="
        },
        "read-pkg": {
          "version": "5.2.0",
          "requires": {
            "parse-json": "^5.0.0",
            "type-fest": "^0.6.0"
          }
        },
        "schema-utils": {
          "version": "1.0.0",
          "resolved": "https://registry.npmjs.org/schema-utils/-/schema-utils-1.0.0.tgz",
          "integrity": "sha512-i27Mic4KovM/lnGsy8whRCHhc7VicJajAjTrYg11K9zfZXnYIt4k5F+kZkwjnrhKzLic/HLU4j11mjsz2G/75g==",
          "dev": true,
          "requires": {
            "ajv": "^6.1.0",
            "ajv-errors": "^1.0.0",
            "ajv-keywords": "^3.1.0"
          }
        },
        "slash": {
          "version": "3.0.0"
        },
        "source-list-map": {
          "version": "2.0.1",
          "resolved": "https://registry.npmjs.org/source-list-map/-/source-list-map-2.0.1.tgz",
          "integrity": "sha512-qnQ7gVMxGNxsiL4lEuJwe/To8UnK7fAnmbGEEH8RpLouuKbeEm0lhbQVFIrNSuB+G7tVrAlVsZgETT5nljf+Iw==",
          "dev": true
        },
        "source-map": {
          "version": "0.6.1",
          "resolved": "https://registry.npmjs.org/source-map/-/source-map-0.6.1.tgz",
          "integrity": "sha512-UjgapumWlbMhkBgzT7Ykc5YXUT46F0iKu8SGXq0bcwP5dz/h0Plj6enJqjz1Zbq2l5WaqYnrVbwWOWMyF3F47g==",
          "dev": true
        },
        "strip-ansi": {
          "version": "5.2.0",
          "requires": {
            "ansi-regex": "^4.1.0"
          }
        },
        "type-fest": {
          "version": "0.6.0"
        },
        "unquoted-property-validator": {
          "version": "1.1.0",
          "resolved": "https://registry.npmjs.org/unquoted-property-validator/-/unquoted-property-validator-1.1.0.tgz",
          "integrity": "sha512-ZWeQoYZ7HN8DCLeaowNv2GvZIXqJptKB1uUWd08ZYc1qAmJt8tXh9nck26aoYmhJtE3jCjDqdqEfUTqcJ0R7bw==",
          "dev": true
        },
        "uri-js": {
          "version": "4.4.1",
          "resolved": "https://registry.npmjs.org/uri-js/-/uri-js-4.4.1.tgz",
          "integrity": "sha512-7rKUyy33Q1yc98pQ1DAmLtwX109F7TIfWlW1Ydo8Wl1ii1SeHieeh0HHfPeL2fMXK6z0s8ecKs9frCuLJvndBg==",
          "requires": {
            "punycode": "^2.1.0"
          }
        },
        "webpack-sources": {
          "version": "1.4.3",
          "resolved": "https://registry.npmjs.org/webpack-sources/-/webpack-sources-1.4.3.tgz",
          "integrity": "sha512-lgTS3Xhv1lCOKo7SA5TjKXMjpSM4sBjNV5+q2bqesbSPs5FjGmU6jjtBSkX9b4qW87vDIsCIlUPOEhbZrMdjeQ==",
          "dev": true,
          "requires": {
            "source-list-map": "^2.0.0",
            "source-map": "~0.6.1"
          }
        }
      }
    },
    "strip-json-comments": {
      "version": "2.0.1",
      "resolved": "https://registry.npmjs.org/strip-json-comments/-/strip-json-comments-2.0.1.tgz",
      "integrity": "sha1-PFMZQukIwml8DsNEhYwobHygpgo=",
      "dev": true
    },
    "webpack-comment-remover-loader": {
      "version": "0.0.3",
      "resolved": "https://registry.npmjs.org/webpack-comment-remover-loader/-/webpack-comment-remover-loader-0.0.3.tgz",
      "integrity": "sha1-fklFG3pvwJ4Z2v4mRk6XUdfxGT0=",
      "dev": true,
      "requires": {
        "strip-json-comments": "^2.0.1"
      }
    }
  }
}
